
Microsoft Visual Studio Solution File, Format Version 12.00
# Visual Studio 2013
VisualStudioVersion = 12.0.30110.0
MinimumVisualStudioVersion = 10.0.40219.1
Project("{FAE04EC0-301F-11D3-BF4B-00C04F79EFBC}") = "HeartBeatsPlayer", "HeartBeatsPlayer\HeartBeatsPlayer.csproj", "{7F4FDF71-DAF2-4878-8C8B-596B870753D9}"
EndProject
Project("{FAE04EC0-301F-11D3-BF4B-00C04F79EFBC}") = "HeartBeatsPlayerWP", "HeartBeatsPlayerWP\HeartBeatsPlayerWP.csproj", "{87417A95-2D6B-4851-A414-CAEB1B5D9368}"
EndProject
Project("{2150E333-8FDC-42A3-9474-1A3956D46DE8}") = "Windows 8.1", "Windows 8.1", "{46CFF362-627C-455A-B4F9-1A74E8CDCED9}"
EndProject
Project("{2150E333-8FDC-42A3-9474-1A3956D46DE8}") = "Windows Phone 8", "Windows Phone 8", "{702219A0-B7F9-47EC-AA2C-902F1A555C70}"
EndProject
Project("{FAE04EC0-301F-11D3-BF4B-00C04F79EFBC}") = "HeartbeatPlaybackAgent", "AudioPlaybackAgent1\HeartbeatPlaybackAgent.csproj", "{F14CA7A8-A617-4B04-8FFA-A23FC8B1EB26}"
EndProject
Project("{FAE04EC0-301F-11D3-BF4B-00C04F79EFBC}") = "AudioSharedLibrary", "..\..\..\..\..\..\Temp\BackgroundAudioSampleCode\AudioSharedLibrary\AudioSharedLibrary.csproj", "{4EB47B8F-AB7B-4CD6-82F8-BEA9DD594480}"
EndProject
Global
	GlobalSection(SolutionConfigurationPlatforms) = preSolution
		Debug|Any CPU = Debug|Any CPU
		Debug|ARM = Debug|ARM
		Debug|x64 = Debug|x64
		Debug|x86 = Debug|x86
		Release|Any CPU = Release|Any CPU
		Release|ARM = Release|ARM
		Release|x64 = Release|x64
		Release|x86 = Release|x86
	EndGlobalSection
	GlobalSection(ProjectConfigurationPlatforms) = postSolution
		{7F4FDF71-DAF2-4878-8C8B-596B870753D9}.Debug|Any CPU.ActiveCfg = Debug|Any CPU
		{7F4FDF71-DAF2-4878-8C8B-596B870753D9}.Debug|Any CPU.Build.0 = Debug|Any CPU
		{7F4FDF71-DAF2-4878-8C8B-596B870753D9}.Debug|Any CPU.Deploy.0 = Debug|Any CPU
		{7F4FDF71-DAF2-4878-8C8B-596B870753D9}.Debug|ARM.ActiveCfg = Debug|ARM
		{7F4FDF71-DAF2-4878-8C8B-596B870753D9}.Debug|ARM.Build.0 = Debug|ARM
		{7F4FDF71-DAF2-4878-8C8B-596B870753D9}.Debug|ARM.Deploy.0 = Debug|ARM
		{7F4FDF71-DAF2-4878-8C8B-596B870753D9}.Debug|x64.ActiveCfg = Debug|x64
		{7F4FDF71-DAF2-4878-8C8B-596B870753D9}.Debug|x64.Build.0 = Debug|x64
		{7F4FDF71-DAF2-4878-8C8B-596B870753D9}.Debug|x64.Deploy.0 = Debug|x64
		{7F4FDF71-DAF2-4878-8C8B-596B870753D9}.Debug|x86.ActiveCfg = Debug|x86
		{7F4FDF71-DAF2-4878-8C8B-596B870753D9}.Debug|x86.Build.0 = Debug|x86
		{7F4FDF71-DAF2-4878-8C8B-596B870753D9}.Debug|x86.Deploy.0 = Debug|x86
		{7F4FDF71-DAF2-4878-8C8B-596B870753D9}.Release|Any CPU.ActiveCfg = Release|Any CPU
		{7F4FDF71-DAF2-4878-8C8B-596B870753D9}.Release|Any CPU.Build.0 = Release|Any CPU
		{7F4FDF71-DAF2-4878-8C8B-596B870753D9}.Release|Any CPU.Deploy.0 = Release|Any CPU
		{7F4FDF71-DAF2-4878-8C8B-596B870753D9}.Release|ARM.ActiveCfg = Release|ARM
		{7F4FDF71-DAF2-4878-8C8B-596B870753D9}.Release|ARM.Build.0 = Release|ARM
		{7F4FDF71-DAF2-4878-8C8B-596B870753D9}.Release|ARM.Deploy.0 = Release|ARM
		{7F4FDF71-DAF2-4878-8C8B-596B870753D9}.Release|x64.ActiveCfg = Release|x64
		{7F4FDF71-DAF2-4878-8C8B-596B870753D9}.Release|x64.Build.0 = Release|x64
		{7F4FDF71-DAF2-4878-8C8B-596B870753D9}.Release|x64.Deploy.0 = Release|x64
		{7F4FDF71-DAF2-4878-8C8B-596B870753D9}.Release|x86.ActiveCfg = Release|x86
		{7F4FDF71-DAF2-4878-8C8B-596B870753D9}.Release|x86.Build.0 = Release|x86
		{7F4FDF71-DAF2-4878-8C8B-596B870753D9}.Release|x86.Deploy.0 = Release|x86
		{87417A95-2D6B-4851-A414-CAEB1B5D9368}.Debug|Any CPU.ActiveCfg = Debug|Any CPU
		{87417A95-2D6B-4851-A414-CAEB1B5D9368}.Debug|Any CPU.Build.0 = Debug|Any CPU
		{87417A95-2D6B-4851-A414-CAEB1B5D9368}.Debug|Any CPU.Deploy.0 = Debug|Any CPU
		{87417A95-2D6B-4851-A414-CAEB1B5D9368}.Debug|ARM.ActiveCfg = Debug|ARM
		{87417A95-2D6B-4851-A414-CAEB1B5D9368}.Debug|ARM.Build.0 = Debug|ARM
		{87417A95-2D6B-4851-A414-CAEB1B5D9368}.Debug|ARM.Deploy.0 = Debug|ARM
		{87417A95-2D6B-4851-A414-CAEB1B5D9368}.Debug|x64.ActiveCfg = Debug|Any CPU
		{87417A95-2D6B-4851-A414-CAEB1B5D9368}.Debug|x86.ActiveCfg = Debug|x86
		{87417A95-2D6B-4851-A414-CAEB1B5D9368}.Debug|x86.Build.0 = Debug|x86
		{87417A95-2D6B-4851-A414-CAEB1B5D9368}.Debug|x86.Deploy.0 = Debug|x86
		{87417A95-2D6B-4851-A414-CAEB1B5D9368}.Release|Any CPU.ActiveCfg = Release|Any CPU
		{87417A95-2D6B-4851-A414-CAEB1B5D9368}.Release|Any CPU.Build.0 = Release|Any CPU
		{87417A95-2D6B-4851-A414-CAEB1B5D9368}.Release|Any CPU.Deploy.0 = Release|Any CPU
		{87417A95-2D6B-4851-A414-CAEB1B5D9368}.Release|ARM.ActiveCfg = Release|ARM
		{87417A95-2D6B-4851-A414-CAEB1B5D9368}.Release|ARM.Build.0 = Release|ARM
		{87417A95-2D6B-4851-A414-CAEB1B5D9368}.Release|ARM.Deploy.0 = Release|ARM
		{87417A95-2D6B-4851-A414-CAEB1B5D9368}.Release|x64.ActiveCfg = Release|Any CPU
		{87417A95-2D6B-4851-A414-CAEB1B5D9368}.Release|x86.ActiveCfg = Release|x86
		{87417A95-2D6B-4851-A414-CAEB1B5D9368}.Release|x86.Build.0 = Release|x86
		{87417A95-2D6B-4851-A414-CAEB1B5D9368}.Release|x86.Deploy.0 = Release|x86
		{F14CA7A8-A617-4B04-8FFA-A23FC8B1EB26}.Debug|Any CPU.ActiveCfg = Debug|Any CPU
		{F14CA7A8-A617-4B04-8FFA-A23FC8B1EB26}.Debug|Any CPU.Build.0 = Debug|Any CPU
		{F14CA7A8-A617-4B04-8FFA-A23FC8B1EB26}.Debug|ARM.ActiveCfg = Debug|ARM
		{F14CA7A8-A617-4B04-8FFA-A23FC8B1EB26}.Debug|ARM.Build.0 = Debug|ARM
		{F14CA7A8-A617-4B04-8FFA-A23FC8B1EB26}.Debug|x64.ActiveCfg = Debug|Any CPU
		{F14CA7A8-A617-4B04-8FFA-A23FC8B1EB26}.Debug|x86.ActiveCfg = Debug|x86
		{F14CA7A8-A617-4B04-8FFA-A23FC8B1EB26}.Debug|x86.Build.0 = Debug|x86
		{F14CA7A8-A617-4B04-8FFA-A23FC8B1EB26}.Release|Any CPU.ActiveCfg = Release|Any CPU
		{F14CA7A8-A617-4B04-8FFA-A23FC8B1EB26}.Release|Any CPU.Build.0 = Release|Any CPU
		{F14CA7A8-A617-4B04-8FFA-A23FC8B1EB26}.Release|ARM.ActiveCfg = Release|ARM
		{F14CA7A8-A617-4B04-8FFA-A23FC8B1EB26}.Release|ARM.Build.0 = Release|ARM
		{F14CA7A8-A617-4B04-8FFA-A23FC8B1EB26}.Release|x64.ActiveCfg = Release|Any CPU
		{F14CA7A8-A617-4B04-8FFA-A23FC8B1EB26}.Release|x86.ActiveCfg = Release|x86
		{F14CA7A8-A617-4B04-8FFA-A23FC8B1EB26}.Release|x86.Build.0 = Release|x86
		{4EB47B8F-AB7B-4CD6-82F8-BEA9DD594480}.Debug|Any CPU.ActiveCfg = Debug|Any CPU
		{4EB47B8F-AB7B-4CD6-82F8-BEA9DD594480}.Debug|Any CPU.Build.0 = Debug|Any CPU
		{4EB47B8F-AB7B-4CD6-82F8-BEA9DD594480}.Debug|ARM.ActiveCfg = Debug|ARM
		{4EB47B8F-AB7B-4CD6-82F8-BEA9DD594480}.Debug|ARM.Build.0 = Debug|ARM
		{4EB47B8F-AB7B-4CD6-82F8-BEA9DD594480}.Debug|x64.ActiveCfg = Debug|Any CPU
		{4EB47B8F-AB7B-4CD6-82F8-BEA9DD594480}.Debug|x86.ActiveCfg = Debug|x86
		{4EB47B8F-AB7B-4CD6-82F8-BEA9DD594480}.Debug|x86.Build.0 = Debug|x86
		{4EB47B8F-AB7B-4CD6-82F8-BEA9DD594480}.Release|Any CPU.ActiveCfg = Release|Any CPU
		{4EB47B8F-AB7B-4CD6-82F8-BEA9DD594480}.Release|Any CPU.Build.0 = Release|Any CPU
		{4EB47B8F-AB7B-4CD6-82F8-BEA9DD594480}.Release|ARM.ActiveCfg = Release|ARM
		{4EB47B8F-AB7B-4CD6-82F8-BEA9DD594480}.Release|ARM.Build.0 = Release|ARM
		{4EB47B8F-AB7B-4CD6-82F8-BEA9DD594480}.Release|x64.ActiveCfg = Release|Any CPU
		{4EB47B8F-AB7B-4CD6-82F8-BEA9DD594480}.Release|x86.ActiveCfg = Release|x86
		{4EB47B8F-AB7B-4CD6-82F8-BEA9DD594480}.Release|x86.Build.0 = Release|x86
	EndGlobalSection
	GlobalSection(SolutionProperties) = preSolution
		HideSolutionNode = FALSE
	EndGlobalSection
	GlobalSection(NestedProjects) = preSolution
		{7F4FDF71-DAF2-4878-8C8B-596B870753D9} = {46CFF362-627C-455A-B4F9-1A74E8CDCED9}
		{87417A95-2D6B-4851-A414-CAEB1B5D9368} = {702219A0-B7F9-47EC-AA2C-902F1A555C70}
		{F14CA7A8-A617-4B04-8FFA-A23FC8B1EB26} = {702219A0-B7F9-47EC-AA2C-902F1A555C70}
		{4EB47B8F-AB7B-4CD6-82F8-BEA9DD594480} = {702219A0-B7F9-47EC-AA2C-902F1A555C70}
	EndGlobalSection
EndGlobal
